
Microsoft Visual Studio Solution File, Format Version 12.00
# Visual Studio Version 17
VisualStudioVersion = 17.5.33424.131
MinimumVisualStudioVersion = 10.0.40219.1
Project("{FAE04EC0-301F-11D3-BF4B-00C04F79EFBC}") = "Converter", "Converter\Converter.csproj", "{5FECC3C1-79B8-4D1E-AD6B-3A2F394E0341}"
EndProject
Global
	GlobalSection(SolutionConfigurationPlatforms) = preSolution
		Debug|Any CPU = Debug|Any CPU
		Release|Any CPU = Release|Any CPU
	EndGlobalSection
	GlobalSection(ProjectConfigurationPlatforms) = postSolution
		{5FECC3C1-79B8-4D1E-AD6B-3A2F394E0341}.Debug|Any CPU.ActiveCfg = Debug|Any CPU
		{5FECC3C1-79B8-4D1E-AD6B-3A2F394E0341}.Debug|Any CPU.Build.0 = Debug|Any CPU
		{5FECC3C1-79B8-4D1E-AD6B-3A2F394E0341}.Release|Any CPU.ActiveCfg = Release|Any CPU
		{5FECC3C1-79B8-4D1E-AD6B-3A2F394E0341}.Release|Any CPU.Build.0 = Release|Any CPU
	EndGlobalSection
	GlobalSection(SolutionProperties) = preSolution
		HideSolutionNode = FALSE
	EndGlobalSection
	GlobalSection(ExtensibilityGlobals) = postSolution
		SolutionGuid = {6C3CE2FD-C54A-4BE1-9961-48CD7FA3D956}
	EndGlobalSection
EndGlobal
