
Microsoft Visual Studio Solution File, Format Version 12.00
# Visual Studio Version 17
VisualStudioVersion = 17.5.33424.131
MinimumVisualStudioVersion = 10.0.40219.1
Project("{FAE04EC0-301F-11D3-BF4B-00C04F79EFBC}") = "WindowsFormsApp3", "WindowsFormsApp3\WindowsFormsApp3.csproj", "{381BB0A1-222A-4845-9D0C-5DD59F521D78}"
EndProject
Global
	GlobalSection(SolutionConfigurationPlatforms) = preSolution
		Debug|Any CPU = Debug|Any CPU
		Release|Any CPU = Release|Any CPU
	EndGlobalSection
	GlobalSection(ProjectConfigurationPlatforms) = postSolution
		{381BB0A1-222A-4845-9D0C-5DD59F521D78}.Debug|Any CPU.ActiveCfg = Debug|Any CPU
		{381BB0A1-222A-4845-9D0C-5DD59F521D78}.Debug|Any CPU.Build.0 = Debug|Any CPU
		{381BB0A1-222A-4845-9D0C-5DD59F521D78}.Release|Any CPU.ActiveCfg = Release|Any CPU
		{381BB0A1-222A-4845-9D0C-5DD59F521D78}.Release|Any CPU.Build.0 = Release|Any CPU
	EndGlobalSection
	GlobalSection(SolutionProperties) = preSolution
		HideSolutionNode = FALSE
	EndGlobalSection
	GlobalSection(ExtensibilityGlobals) = postSolution
		SolutionGuid = {CC0272BE-F0FE-42A5-BF5C-7443D6FCB6DC}
	EndGlobalSection
EndGlobal
